
Microsoft Visual Studio Solution File, Format Version 12.00
# Visual Studio 15
VisualStudioVersion = 15.0.26730.3
MinimumVisualStudioVersion = 10.0.40219.1
Project("{A0786B88-2ADB-4C21-ABE8-AA2D79766269}") = "wsu_surgery", "wsu_surgery.phpproj", "{59132B3C-CC82-4E7B-A494-1B0B372FB996}"
EndProject
Global
	GlobalSection(SolutionConfigurationPlatforms) = preSolution
		Debug|Any CPU = Debug|Any CPU
		Release|Any CPU = Release|Any CPU
	EndGlobalSection
	GlobalSection(ProjectConfigurationPlatforms) = postSolution
		{59132B3C-CC82-4E7B-A494-1B0B372FB996}.Debug|Any CPU.ActiveCfg = Debug|Any CPU
		{59132B3C-CC82-4E7B-A494-1B0B372FB996}.Release|Any CPU.ActiveCfg = Release|Any CPU
	EndGlobalSection
	GlobalSection(SolutionProperties) = preSolution
		HideSolutionNode = FALSE
	EndGlobalSection
	GlobalSection(ExtensibilityGlobals) = postSolution
		SolutionGuid = {E40CBD42-FAF3-48B2-B661-76F926338C42}
	EndGlobalSection
EndGlobal
